{
  "object": {
    "pins": [
      {
        "package": "ASCollectionView",
        "repositoryURL": "https://github.com/apptekstudios/ASCollectionView",
        "state": {
          "branch": null,
          "revision": "bab75600a09e52a002101f1dcaab94d42591513b",
          "version": "2.0.0"
        }
      },
      {
        "package": "DifferenceKit",
        "repositoryURL": "https://github.com/ra1028/DifferenceKit",
        "state": {
          "branch": null,
          "revision": "14c66681e12a38b81045f44c6c29724a0d4b0e72",
          "version": "1.1.5"
        }
      },
      {
        "package": "GRDB",
        "repositoryURL": "https://github.com/groue/GRDB.swift.git",
        "state": {
          "branch": null,
          "revision": "31e2b01c10243399882eaf8cc6b5c974af93d21e",
          "version": "5.7.4"
        }
      },
      {
        "package": "Networking",
        "repositoryURL": "https://github.com/freshOS/Networking",
        "state": {
          "branch": null,
          "revision": "960867638bdb9d07870b674636326f5baf412ca1",
          "version": "0.3.2"
        }
      }
    ]
  },
  "version": 1
}
